
Microsoft Visual Studio Solution File, Format Version 12.00
# Visual Studio Version 17
VisualStudioVersion = 17.4.33213.308
MinimumVisualStudioVersion = 10.0.40219.1
Project("{FAE04EC0-301F-11D3-BF4B-00C04F79EFBC}") = "Crudzin", "Crudzin.csproj", "{5C304A13-B720-4A13-9D7F-68D10504FB98}"
EndProject
Global
	GlobalSection(SolutionConfigurationPlatforms) = preSolution
		Debug|Any CPU = Debug|Any CPU
		Release|Any CPU = Release|Any CPU
	EndGlobalSection
	GlobalSection(ProjectConfigurationPlatforms) = postSolution
		{5C304A13-B720-4A13-9D7F-68D10504FB98}.Debug|Any CPU.ActiveCfg = Debug|Any CPU
		{5C304A13-B720-4A13-9D7F-68D10504FB98}.Debug|Any CPU.Build.0 = Debug|Any CPU
		{5C304A13-B720-4A13-9D7F-68D10504FB98}.Release|Any CPU.ActiveCfg = Release|Any CPU
		{5C304A13-B720-4A13-9D7F-68D10504FB98}.Release|Any CPU.Build.0 = Release|Any CPU
	EndGlobalSection
	GlobalSection(SolutionProperties) = preSolution
		HideSolutionNode = FALSE
	EndGlobalSection
	GlobalSection(ExtensibilityGlobals) = postSolution
		SolutionGuid = {73CB2559-83C6-471F-8169-FEB0A37E2C83}
	EndGlobalSection
EndGlobal
