
Microsoft Visual Studio Solution File, Format Version 12.00
# Visual Studio Version 17
VisualStudioVersion = 17.5.002.0
MinimumVisualStudioVersion = 10.0.40219.1
Project("{9A19103F-16F7-4668-BE54-9A1E7A4F7556}") = "Delegate", "Delegate.csproj", "{FDBF402B-A1C4-43CD-A223-B7BE4ECEB10C}"
EndProject
Global
	GlobalSection(SolutionConfigurationPlatforms) = preSolution
		Debug|Any CPU = Debug|Any CPU
		Release|Any CPU = Release|Any CPU
	EndGlobalSection
	GlobalSection(ProjectConfigurationPlatforms) = postSolution
		{FDBF402B-A1C4-43CD-A223-B7BE4ECEB10C}.Debug|Any CPU.ActiveCfg = Debug|Any CPU
		{FDBF402B-A1C4-43CD-A223-B7BE4ECEB10C}.Debug|Any CPU.Build.0 = Debug|Any CPU
		{FDBF402B-A1C4-43CD-A223-B7BE4ECEB10C}.Release|Any CPU.ActiveCfg = Release|Any CPU
		{FDBF402B-A1C4-43CD-A223-B7BE4ECEB10C}.Release|Any CPU.Build.0 = Release|Any CPU
	EndGlobalSection
	GlobalSection(SolutionProperties) = preSolution
		HideSolutionNode = FALSE
	EndGlobalSection
	GlobalSection(ExtensibilityGlobals) = postSolution
		SolutionGuid = {E162A4BF-CDC2-483E-B82B-C4543959546E}
	EndGlobalSection
EndGlobal
